PODS:
  - Alamofire (4.5.1)
  - AVOSCloud (7.3.1)
  - AVOSCloudIM (7.3.1):
    - AVOSCloud (= 7.3.1)
    - AVOSCloudIM/_ARC (= 7.3.1)
    - AVOSCloudIM/_NOARC (= 7.3.1)
  - AVOSCloudIM/_ARC (7.3.1):
    - AVOSCloud (= 7.3.1)
    - AVOSCloudIM/_NOARC (= 7.3.1)
  - AVOSCloudIM/_NOARC (7.3.1):
    - AVOSCloud (= 7.3.1)
  - JCore (1.1.6)
  - JPush (3.0.6):
    - JCore (~> 1.1.1)
  - LeanCloud (10.1.0):
    - LeanCloud/Storage (= 10.1.0)
  - LeanCloud/Storage (10.1.0):
    - Alamofire (~> 4.5)
  - SVProgressHUD (2.2.2)

DEPENDENCIES:
  - AVOSCloud
  - AVOSCloudIM
  - JPush (~> 3.0.6)
  - LeanCloud (~> 10.1.0)
  - SVProgressHUD (~> 2.2.2)

SPEC CHECKSUMS:
  Alamofire: 2d95912bf4c34f164fdfc335872e8c312acaea4a
  AVOSCloud: 2c9e87d02f29e282bdf28a7e22f26992a6a5758f
  AVOSCloudIM: 4842a087ac37a3fcb60f00434cc32417ab84a29c
  JCore: 18fc8725124f26e55625eaf224659b3a999dcf63
  JPush: c41be50eb1a574a66aeb68d237f00a4ec6ec3a82
  LeanCloud: 2a6ac9da4fcf4b6b26f519d05a31998ddc59223a
  SVProgressHUD: 59b2d3dabacbd051576d21d32293ca7228dc18b0

PODFILE CHECKSUM: fbb9d8eaf72132b69dcb1e9a11109a6538ff8463

COCOAPODS: 1.2.1
