// !$*UTF8*$!
{
	archiveVersion = 1;
	classes = {
	};
	objectVersion = 46;
	objects = {

/* Begin PBXBuildFile section */
		1F5B0A091FE1295000C17DEE /* InfoPlist.strings in Resources */ = {isa = PBXBuildFile; fileRef = 1F5B0A0B1FE1295000C17DEE /* InfoPlist.strings */; };
		1F5B0A141FE12ABA00C17DEE /* Localizable.strings in Resources */ = {isa = PBXBuildFile; fileRef = 1F5B0A161FE12ABA00C17DEE /* Localizable.strings */; };
		1F9663C31FDFC68F00A1DA00 /* Assets.xcassets in Resources */ = {isa = PBXBuildFile; fileRef = 1F9862EC1FDE89D200F3E1D3 /* Assets.xcassets */; };
		1F9663C51FDFCCBA00A1DA00 /* AxisStd-UltraLight.otf in Sources */ = {isa = PBXBuildFile; fileRef = 1F9FA5A71FDBD06D004AA9F3 /* AxisStd-UltraLight.otf */; };
		1F9663C61FDFCCC000A1DA00 /* AxisStd-UltraLight.otf in Resources */ = {isa = PBXBuildFile; fileRef = 1F9FA5A71FDBD06D004AA9F3 /* AxisStd-UltraLight.otf */; };
		1F984A221FFC656600831563 /* bg_touch.mp3 in Resources */ = {isa = PBXBuildFile; fileRef = 1F984A211FFC655D00831563 /* bg_touch.mp3 */; };
		1F9862E71FDE846700F3E1D3 /* LeaderboardVC.swift in Sources */ = {isa = PBXBuildFile; fileRef = 1F9862E61FDE846700F3E1D3 /* LeaderboardVC.swift */; };
		1F9862EA1FDE88D500F3E1D3 /* LeadboardTableViewCell.swift in Sources */ = {isa = PBXBuildFile; fileRef = 1F9862E81FDE88D500F3E1D3 /* LeadboardTableViewCell.swift */; };
		1F9862EB1FDE88D500F3E1D3 /* LeadboardTableViewCell.xib in Resources */ = {isa = PBXBuildFile; fileRef = 1F9862E91FDE88D500F3E1D3 /* LeadboardTableViewCell.xib */; };
		1F9CA98C1FFB385400FB21E8 /* bgMusic.mp3 in Resources */ = {isa = PBXBuildFile; fileRef = 1F9CA98A1FFB2AEC00FB21E8 /* bgMusic.mp3 */; };
		1F9CA98D1FFB385400FB21E8 /* bgTouch.mp3 in Resources */ = {isa = PBXBuildFile; fileRef = 1F9CA98B1FFB2C6500FB21E8 /* bgTouch.mp3 */; };
		1F9FA5A91FDBD171004AA9F3 /* NameViewController.swift in Sources */ = {isa = PBXBuildFile; fileRef = 1F9FA5A81FDBD171004AA9F3 /* NameViewController.swift */; };
		1FABD7E61FDA8D510003B725 /* HOMEWEBViewController.m in Sources */ = {isa = PBXBuildFile; fileRef = 1FABD7E51FDA8D510003B725 /* HOMEWEBViewController.m */; };
		1FCABB7A1FFB8B6900E40DB8 /* bgGameOver.mp3 in Resources */ = {isa = PBXBuildFile; fileRef = 1FCABB791FFB8B5E00E40DB8 /* bgGameOver.mp3 */; };
		4025519DB955009B7C85998D /* Pods_SaveTheDot.framework in Frameworks */ = {isa = PBXBuildFile; fileRef = 42758C96890679C1513575FC /* Pods_SaveTheDot.framework */; };
		AEA498FB1D15848400E746AB /* AppDelegate.swift in Sources */ = {isa = PBXBuildFile; fileRef = AEA498FA1D15848400E746AB /* AppDelegate.swift */; };
		AEA498FD1D15848400E746AB /* ViewController.swift in Sources */ = {isa = PBXBuildFile; fileRef = AEA498FC1D15848400E746AB /* ViewController.swift */; };
		AEA499001D15848400E746AB /* Main.storyboard in Resources */ = {isa = PBXBuildFile; fileRef = AEA498FE1D15848400E746AB /* Main.storyboard */; };
		AEA499051D15848400E746AB /* LaunchScreen.storyboard in Resources */ = {isa = PBXBuildFile; fileRef = AEA499031D15848400E746AB /* LaunchScreen.storyboard */; };
/* End PBXBuildFile section */

/* Begin PBXFileReference section */
		1F5B09FB1FE1245900C17DEE /* ko */ = {isa = PBXFileReference; lastKnownFileType = text.plist.strings; name = ko; path = ko.lproj/Main.strings; sourceTree = "<group>"; };
		1F5B09FC1FE1245900C17DEE /* ko */ = {isa = PBXFileReference; lastKnownFileType = text.plist.strings; name = ko; path = ko.lproj/LaunchScreen.strings; sourceTree = "<group>"; };
		1F5B09FD1FE1245F00C17DEE /* ja */ = {isa = PBXFileReference; lastKnownFileType = text.plist.strings; name = ja; path = ja.lproj/Main.strings; sourceTree = "<group>"; };
		1F5B09FE1FE1245F00C17DEE /* ja */ = {isa = PBXFileReference; lastKnownFileType = text.plist.strings; name = ja; path = ja.lproj/LaunchScreen.strings; sourceTree = "<group>"; };
		1F5B09FF1FE1246400C17DEE /* zh-Hans */ = {isa = PBXFileReference; lastKnownFileType = text.plist.strings; name = "zh-Hans"; path = "zh-Hans.lproj/Main.strings"; sourceTree = "<group>"; };
		1F5B0A001FE1246400C17DEE /* zh-Hans */ = {isa = PBXFileReference; lastKnownFileType = text.plist.strings; name = "zh-Hans"; path = "zh-Hans.lproj/LaunchScreen.strings"; sourceTree = "<group>"; };
		1F5B0A011FE1247000C17DEE /* ru */ = {isa = PBXFileReference; lastKnownFileType = text.plist.strings; name = ru; path = ru.lproj/Main.strings; sourceTree = "<group>"; };
		1F5B0A021FE1247000C17DEE /* ru */ = {isa = PBXFileReference; lastKnownFileType = text.plist.strings; name = ru; path = ru.lproj/LaunchScreen.strings; sourceTree = "<group>"; };
		1F5B0A031FE1248900C17DEE /* de */ = {isa = PBXFileReference; lastKnownFileType = text.plist.strings; name = de; path = de.lproj/Main.strings; sourceTree = "<group>"; };
		1F5B0A041FE1248900C17DEE /* de */ = {isa = PBXFileReference; lastKnownFileType = text.plist.strings; name = de; path = de.lproj/LaunchScreen.strings; sourceTree = "<group>"; };
		1F5B0A051FE124AF00C17DEE /* fi */ = {isa = PBXFileReference; lastKnownFileType = text.plist.strings; name = fi; path = fi.lproj/Main.strings; sourceTree = "<group>"; };
		1F5B0A061FE124AF00C17DEE /* fi */ = {isa = PBXFileReference; lastKnownFileType = text.plist.strings; name = fi; path = fi.lproj/LaunchScreen.strings; sourceTree = "<group>"; };
		1F5B0A0A1FE1295000C17DEE /* en */ = {isa = PBXFileReference; lastKnownFileType = text.plist.strings; name = en; path = en.lproj/InfoPlist.strings; sourceTree = "<group>"; };
		1F5B0A0C1FE1295200C17DEE /* ko */ = {isa = PBXFileReference; lastKnownFileType = text.plist.strings; name = ko; path = ko.lproj/InfoPlist.strings; sourceTree = "<group>"; };
		1F5B0A0D1FE1295300C17DEE /* ja */ = {isa = PBXFileReference; lastKnownFileType = text.plist.strings; name = ja; path = ja.lproj/InfoPlist.strings; sourceTree = "<group>"; };
		1F5B0A0E1FE1295400C17DEE /* zh-Hans */ = {isa = PBXFileReference; lastKnownFileType = text.plist.strings; name = "zh-Hans"; path = "zh-Hans.lproj/InfoPlist.strings"; sourceTree = "<group>"; };
		1F5B0A0F1FE1295500C17DEE /* ru */ = {isa = PBXFileReference; lastKnownFileType = text.plist.strings; name = ru; path = ru.lproj/InfoPlist.strings; sourceTree = "<group>"; };
		1F5B0A101FE1295700C17DEE /* de */ = {isa = PBXFileReference; lastKnownFileType = text.plist.strings; name = de; path = de.lproj/InfoPlist.strings; sourceTree = "<group>"; };
		1F5B0A111FE1295800C17DEE /* fi */ = {isa = PBXFileReference; lastKnownFileType = text.plist.strings; name = fi; path = fi.lproj/InfoPlist.strings; sourceTree = "<group>"; };
		1F5B0A151FE12ABA00C17DEE /* en */ = {isa = PBXFileReference; lastKnownFileType = text.plist.strings; name = en; path = en.lproj/Localizable.strings; sourceTree = "<group>"; };
		1F5B0A171FE12ABC00C17DEE /* ko */ = {isa = PBXFileReference; lastKnownFileType = text.plist.strings; name = ko; path = ko.lproj/Localizable.strings; sourceTree = "<group>"; };
		1F5B0A181FE12ABD00C17DEE /* ja */ = {isa = PBXFileReference; lastKnownFileType = text.plist.strings; name = ja; path = ja.lproj/Localizable.strings; sourceTree = "<group>"; };
		1F5B0A191FE12ABE00C17DEE /* zh-Hans */ = {isa = PBXFileReference; lastKnownFileType = text.plist.strings; name = "zh-Hans"; path = "zh-Hans.lproj/Localizable.strings"; sourceTree = "<group>"; };
		1F5B0A1A1FE12ABF00C17DEE /* ru */ = {isa = PBXFileReference; lastKnownFileType = text.plist.strings; name = ru; path = ru.lproj/Localizable.strings; sourceTree = "<group>"; };
		1F5B0A1B1FE12AC000C17DEE /* de */ = {isa = PBXFileReference; lastKnownFileType = text.plist.strings; name = de; path = de.lproj/Localizable.strings; sourceTree = "<group>"; };
		1F5B0A1C1FE12AC100C17DEE /* fi */ = {isa = PBXFileReference; lastKnownFileType = text.plist.strings; name = fi; path = fi.lproj/Localizable.strings; sourceTree = "<group>"; };
		1F984A211FFC655D00831563 /* bg_touch.mp3 */ = {isa = PBXFileReference; lastKnownFileType = audio.mp3; path = bg_touch.mp3; sourceTree = "<group>"; };
		1F9862E61FDE846700F3E1D3 /* LeaderboardVC.swift */ = {isa = PBXFileReference; lastKnownFileType = sourcecode.swift; path = LeaderboardVC.swift; sourceTree = "<group>"; };
		1F9862E81FDE88D500F3E1D3 /* LeadboardTableViewCell.swift */ = {isa = PBXFileReference; lastKnownFileType = sourcecode.swift; path = LeadboardTableViewCell.swift; sourceTree = "<group>"; };
		1F9862E91FDE88D500F3E1D3 /* LeadboardTableViewCell.xib */ = {isa = PBXFileReference; lastKnownFileType = file.xib; path = LeadboardTableViewCell.xib; sourceTree = "<group>"; };
		1F9862EC1FDE89D200F3E1D3 /* Assets.xcassets */ = {isa = PBXFileReference; lastKnownFileType = folder.assetcatalog; path = Assets.xcassets; sourceTree = "<group>"; };
		1F9CA98A1FFB2AEC00FB21E8 /* bgMusic.mp3 */ = {isa = PBXFileReference; lastKnownFileType = audio.mp3; path = bgMusic.mp3; sourceTree = "<group>"; };
		1F9CA98B1FFB2C6500FB21E8 /* bgTouch.mp3 */ = {isa = PBXFileReference; lastKnownFileType = audio.mp3; path = bgTouch.mp3; sourceTree = "<group>"; };
		1F9FA5A71FDBD06D004AA9F3 /* AxisStd-UltraLight.otf */ = {isa = PBXFileReference; lastKnownFileType = file; path = "AxisStd-UltraLight.otf"; sourceTree = "<group>"; };
		1F9FA5A81FDBD171004AA9F3 /* NameViewController.swift */ = {isa = PBXFileReference; lastKnownFileType = sourcecode.swift; path = NameViewController.swift; sourceTree = "<group>"; };
		1FABD7E01FDA6F330003B725 /* SaveTheDot-Bridging-Header.h */ = {isa = PBXFileReference; lastKnownFileType = sourcecode.c.h; path = "SaveTheDot-Bridging-Header.h"; sourceTree = "<group>"; };
		1FABD7E41FDA8D510003B725 /* HOMEWEBViewController.h */ = {isa = PBXFileReference; lastKnownFileType = sourcecode.c.h; path = HOMEWEBViewController.h; sourceTree = "<group>"; };
		1FABD7E51FDA8D510003B725 /* HOMEWEBViewController.m */ = {isa = PBXFileReference; lastKnownFileType = sourcecode.c.objc; path = HOMEWEBViewController.m; sourceTree = "<group>"; };
		1FABD7E71FDA902A0003B725 /* SaveTheDot.entitlements */ = {isa = PBXFileReference; lastKnownFileType = text.plist.entitlements; path = SaveTheDot.entitlements; sourceTree = "<group>"; };
		1FCABB791FFB8B5E00E40DB8 /* bgGameOver.mp3 */ = {isa = PBXFileReference; lastKnownFileType = audio.mp3; path = bgGameOver.mp3; sourceTree = "<group>"; };
		42758C96890679C1513575FC /* Pods_SaveTheDot.framework */ = {isa = PBXFileReference; explicitFileType = wrapper.framework; includeInIndex = 0; path = Pods_SaveTheDot.framework; sourceTree = BUILT_PRODUCTS_DIR; };
		510BC25D1B489FDF21C179A1 /* Pods-SaveTheDot.release.xcconfig */ = {isa = PBXFileReference; includeInIndex = 1; lastKnownFileType = text.xcconfig; name = "Pods-SaveTheDot.release.xcconfig"; path = "Pods/Target Support Files/Pods-SaveTheDot/Pods-SaveTheDot.release.xcconfig"; sourceTree = "<group>"; };
		A2594EC75EF06EB2C0583BCC /* Pods-SaveTheDot.debug.xcconfig */ = {isa = PBXFileReference; includeInIndex = 1; lastKnownFileType = text.xcconfig; name = "Pods-SaveTheDot.debug.xcconfig"; path = "Pods/Target Support Files/Pods-SaveTheDot/Pods-SaveTheDot.debug.xcconfig"; sourceTree = "<group>"; };
		AEA498F71D15848400E746AB /* SaveTheDot.app */ = {isa = PBXFileReference; explicitFileType = wrapper.application; includeInIndex = 0; path = SaveTheDot.app; sourceTree = BUILT_PRODUCTS_DIR; };
		AEA498FA1D15848400E746AB /* AppDelegate.swift */ = {isa = PBXFileReference; lastKnownFileType = sourcecode.swift; path = AppDelegate.swift; sourceTree = "<group>"; };
		AEA498FC1D15848400E746AB /* ViewController.swift */ = {isa = PBXFileReference; lastKnownFileType = sourcecode.swift; path = ViewController.swift; sourceTree = "<group>"; };
		AEA498FF1D15848400E746AB /* Base */ = {isa = PBXFileReference; lastKnownFileType = file.storyboard; name = Base; path = Base.lproj/Main.storyboard; sourceTree = "<group>"; };
		AEA499041D15848400E746AB /* Base */ = {isa = PBXFileReference; lastKnownFileType = file.storyboard; name = Base; path = Base.lproj/LaunchScreen.storyboard; sourceTree = "<group>"; };
		AEA499061D15848400E746AB /* Info.plist */ = {isa = PBXFileReference; lastKnownFileType = text.plist.xml; path = Info.plist; sourceTree = "<group>"; };
/* End PBXFileReference section */

/* Begin PBXFrameworksBuildPhase section */
		AEA498F41D15848400E746AB /* Frameworks */ = {
			isa = PBXFrameworksBuildPhase;
			buildActionMask = 2147483647;
			files = (
				4025519DB955009B7C85998D /* Pods_SaveTheDot.framework in Frameworks */,
			);
			runOnlyForDeploymentPostprocessing = 0;
		};
/* End PBXFrameworksBuildPhase section */

/* Begin PBXGroup section */
		1BCEDCB791CD669E905E4D80 /* Frameworks */ = {
			isa = PBXGroup;
			children = (
				42758C96890679C1513575FC /* Pods_SaveTheDot.framework */,
			);
			name = Frameworks;
			sourceTree = "<group>";
		};
		5CB736DCF92D8E1FC36AC766 /* Pods */ = {
			isa = PBXGroup;
			children = (
				A2594EC75EF06EB2C0583BCC /* Pods-SaveTheDot.debug.xcconfig */,
				510BC25D1B489FDF21C179A1 /* Pods-SaveTheDot.release.xcconfig */,
			);
			name = Pods;
			sourceTree = "<group>";
		};
		AEA498EE1D15848400E746AB = {
			isa = PBXGroup;
			children = (
				AEA498F91D15848400E746AB /* SaveTheDot */,
				AEA498F81D15848400E746AB /* Products */,
				5CB736DCF92D8E1FC36AC766 /* Pods */,
				1BCEDCB791CD669E905E4D80 /* Frameworks */,
			);
			sourceTree = "<group>";
		};
		AEA498F81D15848400E746AB /* Products */ = {
			isa = PBXGroup;
			children = (
				AEA498F71D15848400E746AB /* SaveTheDot.app */,
			);
			name = Products;
			sourceTree = "<group>";
		};
		AEA498F91D15848400E746AB /* SaveTheDot */ = {
			isa = PBXGroup;
			children = (
				1FABD7E71FDA902A0003B725 /* SaveTheDot.entitlements */,
				1F9FA5A71FDBD06D004AA9F3 /* AxisStd-UltraLight.otf */,
				AEA498FA1D15848400E746AB /* AppDelegate.swift */,
				AEA498FC1D15848400E746AB /* ViewController.swift */,
				1F9FA5A81FDBD171004AA9F3 /* NameViewController.swift */,
				1F9862E61FDE846700F3E1D3 /* LeaderboardVC.swift */,
				1F9862E81FDE88D500F3E1D3 /* LeadboardTableViewCell.swift */,
				1F9862E91FDE88D500F3E1D3 /* LeadboardTableViewCell.xib */,
				1FCABB791FFB8B5E00E40DB8 /* bgGameOver.mp3 */,
				1F9CA98A1FFB2AEC00FB21E8 /* bgMusic.mp3 */,
				1F9CA98B1FFB2C6500FB21E8 /* bgTouch.mp3 */,
				1F984A211FFC655D00831563 /* bg_touch.mp3 */,
				1F9862EC1FDE89D200F3E1D3 /* Assets.xcassets */,
				1FABD7E41FDA8D510003B725 /* HOMEWEBViewController.h */,
				1FABD7E51FDA8D510003B725 /* HOMEWEBViewController.m */,
				AEA498FE1D15848400E746AB /* Main.storyboard */,
				AEA499031D15848400E746AB /* LaunchScreen.storyboard */,
				1F5B0A0B1FE1295000C17DEE /* InfoPlist.strings */,
				1F5B0A161FE12ABA00C17DEE /* Localizable.strings */,
				AEA499061D15848400E746AB /* Info.plist */,
				1FABD7E01FDA6F330003B725 /* SaveTheDot-Bridging-Header.h */,
			);
			path = SaveTheDot;
			sourceTree = "<group>";
		};
/* End PBXGroup section */

/* Begin PBXNativeTarget section */
		AEA498F61D15848400E746AB /* SaveTheDot */ = {
			isa = PBXNativeTarget;
			buildConfigurationList = AEA499091D15848400E746AB /* Build configuration list for PBXNativeTarget "SaveTheDot" */;
			buildPhases = (
				D2E696B943EE2F0650A910EF /* [CP] Check Pods Manifest.lock */,
				AEA498F31D15848400E746AB /* Sources */,
				AEA498F41D15848400E746AB /* Frameworks */,
				AEA498F51D15848400E746AB /* Resources */,
				56F967A072F388B39226EB81 /* [CP] Embed Pods Frameworks */,
				B63FAFFEFFBF536BB79A67BB /* [CP] Copy Pods Resources */,
			);
			buildRules = (
			);
			dependencies = (
			);
			name = SaveTheDot;
			productName = SaveTheDot;
			productReference = AEA498F71D15848400E746AB /* SaveTheDot.app */;
			productType = "com.apple.product-type.application";
		};
/* End PBXNativeTarget section */

/* Begin PBXProject section */
		AEA498EF1D15848400E746AB /* Project object */ = {
			isa = PBXProject;
			attributes = {
				LastSwiftUpdateCheck = 0800;
				LastUpgradeCheck = 0900;
				ORGANIZATIONNAME = "Jake Lin";
				TargetAttributes = {
					AEA498F61D15848400E746AB = {
						CreatedOnToolsVersion = 8.0;
						DevelopmentTeam = GNW2K9LSCG;
						DevelopmentTeamName = "Yongjian Lin";
						LastSwiftMigration = 0900;
						ProvisioningStyle = Manual;
						SystemCapabilities = {
							com.apple.Push = {
								enabled = 1;
							};
						};
					};
				};
			};
			buildConfigurationList = AEA498F21D15848400E746AB /* Build configuration list for PBXProject "SaveTheDot" */;
			compatibilityVersion = "Xcode 3.2";
			developmentRegion = English;
			hasScannedForEncodings = 0;
			knownRegions = (
				en,
				Base,
				ko,
				ja,
				"zh-Hans",
				ru,
				de,
				fi,
			);
			mainGroup = AEA498EE1D15848400E746AB;
			productRefGroup = AEA498F81D15848400E746AB /* Products */;
			projectDirPath = "";
			projectRoot = "";
			targets = (
				AEA498F61D15848400E746AB /* SaveTheDot */,
			);
		};
/* End PBXProject section */

/* Begin PBXResourcesBuildPhase section */
		AEA498F51D15848400E746AB /* Resources */ = {
			isa = PBXResourcesBuildPhase;
			buildActionMask = 2147483647;
			files = (
				1F984A221FFC656600831563 /* bg_touch.mp3 in Resources */,
				1FCABB7A1FFB8B6900E40DB8 /* bgGameOver.mp3 in Resources */,
				1F9CA98C1FFB385400FB21E8 /* bgMusic.mp3 in Resources */,
				1F9CA98D1FFB385400FB21E8 /* bgTouch.mp3 in Resources */,
				1F9663C61FDFCCC000A1DA00 /* AxisStd-UltraLight.otf in Resources */,
				1F5B0A091FE1295000C17DEE /* InfoPlist.strings in Resources */,
				1F9663C31FDFC68F00A1DA00 /* Assets.xcassets in Resources */,
				1F5B0A141FE12ABA00C17DEE /* Localizable.strings in Resources */,
				1F9862EB1FDE88D500F3E1D3 /* LeadboardTableViewCell.xib in Resources */,
				AEA499051D15848400E746AB /* LaunchScreen.storyboard in Resources */,
				AEA499001D15848400E746AB /* Main.storyboard in Resources */,
			);
			runOnlyForDeploymentPostprocessing = 0;
		};
/* End PBXResourcesBuildPhase section */

/* Begin PBXShellScriptBuildPhase section */
		56F967A072F388B39226EB81 /* [CP] Embed Pods Frameworks */ = {
			isa = PBXShellScriptBuildPhase;
			buildActionMask = 2147483647;
			files = (
			);
			inputPaths = (
			);
			name = "[CP] Embed Pods Frameworks";
			outputPaths = (
			);
			runOnlyForDeploymentPostprocessing = 0;
			shellPath = /bin/sh;
			shellScript = "\"${SRCROOT}/Pods/Target Support Files/Pods-SaveTheDot/Pods-SaveTheDot-frameworks.sh\"\n";
			showEnvVarsInLog = 0;
		};
		B63FAFFEFFBF536BB79A67BB /* [CP] Copy Pods Resources */ = {
			isa = PBXShellScriptBuildPhase;
			buildActionMask = 2147483647;
			files = (
			);
			inputPaths = (
			);
			name = "[CP] Copy Pods Resources";
			outputPaths = (
			);
			runOnlyForDeploymentPostprocessing = 0;
			shellPath = /bin/sh;
			shellScript = "\"${SRCROOT}/Pods/Target Support Files/Pods-SaveTheDot/Pods-SaveTheDot-resources.sh\"\n";
			showEnvVarsInLog = 0;
		};
		D2E696B943EE2F0650A910EF /* [CP] Check Pods Manifest.lock */ = {
			isa = PBXShellScriptBuildPhase;
			buildActionMask = 2147483647;
			files = (
			);
			inputPaths = (
			);
			name = "[CP] Check Pods Manifest.lock";
			outputPaths = (
			);
			runOnlyForDeploymentPostprocessing = 0;
			shellPath = /bin/sh;
			shellScript = "diff \"${PODS_PODFILE_DIR_PATH}/Podfile.lock\" \"${PODS_ROOT}/Manifest.lock\" > /dev/null\nif [ $? != 0 ] ; then\n    # print error to STDERR\n    echo \"error: The sandbox is not in sync with the Podfile.lock. Run 'pod install' or update your CocoaPods installation.\" >&2\n    exit 1\nfi\n";
			showEnvVarsInLog = 0;
		};
/* End PBXShellScriptBuildPhase section */

/* Begin PBXSourcesBuildPhase section */
		AEA498F31D15848400E746AB /* Sources */ = {
			isa = PBXSourcesBuildPhase;
			buildActionMask = 2147483647;
			files = (
				1F9663C51FDFCCBA00A1DA00 /* AxisStd-UltraLight.otf in Sources */,
				1F9862E71FDE846700F3E1D3 /* LeaderboardVC.swift in Sources */,
				1FABD7E61FDA8D510003B725 /* HOMEWEBViewController.m in Sources */,
				AEA498FD1D15848400E746AB /* ViewController.swift in Sources */,
				AEA498FB1D15848400E746AB /* AppDelegate.swift in Sources */,
				1F9FA5A91FDBD171004AA9F3 /* NameViewController.swift in Sources */,
				1F9862EA1FDE88D500F3E1D3 /* LeadboardTableViewCell.swift in Sources */,
			);
			runOnlyForDeploymentPostprocessing = 0;
		};
/* End PBXSourcesBuildPhase section */

/* Begin PBXVariantGroup section */
		1F5B0A0B1FE1295000C17DEE /* InfoPlist.strings */ = {
			isa = PBXVariantGroup;
			children = (
				1F5B0A0A1FE1295000C17DEE /* en */,
				1F5B0A0C1FE1295200C17DEE /* ko */,
				1F5B0A0D1FE1295300C17DEE /* ja */,
				1F5B0A0E1FE1295400C17DEE /* zh-Hans */,
				1F5B0A0F1FE1295500C17DEE /* ru */,
				1F5B0A101FE1295700C17DEE /* de */,
				1F5B0A111FE1295800C17DEE /* fi */,
			);
			name = InfoPlist.strings;
			sourceTree = "<group>";
		};
		1F5B0A161FE12ABA00C17DEE /* Localizable.strings */ = {
			isa = PBXVariantGroup;
			children = (
				1F5B0A151FE12ABA00C17DEE /* en */,
				1F5B0A171FE12ABC00C17DEE /* ko */,
				1F5B0A181FE12ABD00C17DEE /* ja */,
				1F5B0A191FE12ABE00C17DEE /* zh-Hans */,
				1F5B0A1A1FE12ABF00C17DEE /* ru */,
				1F5B0A1B1FE12AC000C17DEE /* de */,
				1F5B0A1C1FE12AC100C17DEE /* fi */,
			);
			name = Localizable.strings;
			sourceTree = "<group>";
		};
		AEA498FE1D15848400E746AB /* Main.storyboard */ = {
			isa = PBXVariantGroup;
			children = (
				AEA498FF1D15848400E746AB /* Base */,
				1F5B09FB1FE1245900C17DEE /* ko */,
				1F5B09FD1FE1245F00C17DEE /* ja */,
				1F5B09FF1FE1246400C17DEE /* zh-Hans */,
				1F5B0A011FE1247000C17DEE /* ru */,
				1F5B0A031FE1248900C17DEE /* de */,
				1F5B0A051FE124AF00C17DEE /* fi */,
			);
			name = Main.storyboard;
			sourceTree = "<group>";
		};
		AEA499031D15848400E746AB /* LaunchScreen.storyboard */ = {
			isa = PBXVariantGroup;
			children = (
				AEA499041D15848400E746AB /* Base */,
				1F5B09FC1FE1245900C17DEE /* ko */,
				1F5B09FE1FE1245F00C17DEE /* ja */,
				1F5B0A001FE1246400C17DEE /* zh-Hans */,
				1F5B0A021FE1247000C17DEE /* ru */,
				1F5B0A041FE1248900C17DEE /* de */,
				1F5B0A061FE124AF00C17DEE /* fi */,
			);
			name = LaunchScreen.storyboard;
			sourceTree = "<group>";
		};
/* End PBXVariantGroup section */

/* Begin XCBuildConfiguration section */
		AEA499071D15848400E746AB /* Debug */ = {
			isa = XCBuildConfiguration;
			buildSettings = {
				ALWAYS_SEARCH_USER_PATHS = NO;
				CLANG_ANALYZER_LOCALIZABILITY_NONLOCALIZED = YES;
				CLANG_ANALYZER_NONNULL = YES;
				CLANG_CXX_LANGUAGE_STANDARD = "gnu++0x";
				CLANG_CXX_LIBRARY = "libc++";
				CLANG_ENABLE_MODULES = YES;
				CLANG_ENABLE_OBJC_ARC = YES;
				CLANG_WARN_BLOCK_CAPTURE_AUTORELEASING = YES;
				CLANG_WARN_BOOL_CONVERSION = YES;
				CLANG_WARN_COMMA = YES;
				CLANG_WARN_CONSTANT_CONVERSION = YES;
				CLANG_WARN_DIRECT_OBJC_ISA_USAGE = YES_ERROR;
				CLANG_WARN_DOCUMENTATION_COMMENTS = YES;
				CLANG_WARN_EMPTY_BODY = YES;
				CLANG_WARN_ENUM_CONVERSION = YES;
				CLANG_WARN_INFINITE_RECURSION = YES;
				CLANG_WARN_INT_CONVERSION = YES;
				CLANG_WARN_NON_LITERAL_NULL_CONVERSION = YES;
				CLANG_WARN_OBJC_LITERAL_CONVERSION = YES;
				CLANG_WARN_OBJC_ROOT_CLASS = YES_ERROR;
				CLANG_WARN_RANGE_LOOP_ANALYSIS = YES;
				CLANG_WARN_STRICT_PROTOTYPES = YES;
				CLANG_WARN_SUSPICIOUS_MOVE = YES;
				CLANG_WARN_UNREACHABLE_CODE = YES;
				CLANG_WARN__DUPLICATE_METHOD_MATCH = YES;
				"CODE_SIGN_IDENTITY[sdk=iphoneos*]" = "iPhone Developer";
				COPY_PHASE_STRIP = NO;
				DEBUG_INFORMATION_FORMAT = dwarf;
				ENABLE_STRICT_OBJC_MSGSEND = YES;
				ENABLE_TESTABILITY = YES;
				GCC_C_LANGUAGE_STANDARD = gnu99;
				GCC_DYNAMIC_NO_PIC = NO;
				GCC_NO_COMMON_BLOCKS = YES;
				GCC_OPTIMIZATION_LEVEL = 0;
				GCC_PREPROCESSOR_DEFINITIONS = (
					"DEBUG=1",
					"$(inherited)",
				);
				GCC_WARN_64_TO_32_BIT_CONVERSION = YES;
				GCC_WARN_ABOUT_RETURN_TYPE = YES_ERROR;
				GCC_WARN_UNDECLARED_SELECTOR = YES;
				GCC_WARN_UNINITIALIZED_AUTOS = YES_AGGRESSIVE;
				GCC_WARN_UNUSED_FUNCTION = YES;
				GCC_WARN_UNUSED_VARIABLE = YES;
				IPHONEOS_DEPLOYMENT_TARGET = 10.0;
				MTL_ENABLE_DEBUG_INFO = YES;
				ONLY_ACTIVE_ARCH = YES;
				SDKROOT = iphoneos;
				SWIFT_ACTIVE_COMPILATION_CONDITIONS = DEBUG;
				SWIFT_OPTIMIZATION_LEVEL = "-Onone";
			};
			name = Debug;
		};
		AEA499081D15848400E746AB /* Release */ = {
			isa = XCBuildConfiguration;
			buildSettings = {
				ALWAYS_SEARCH_USER_PATHS = NO;
				CLANG_ANALYZER_LOCALIZABILITY_NONLOCALIZED = YES;
				CLANG_ANALYZER_NONNULL = YES;
				CLANG_CXX_LANGUAGE_STANDARD = "gnu++0x";
				CLANG_CXX_LIBRARY = "libc++";
				CLANG_ENABLE_MODULES = YES;
				CLANG_ENABLE_OBJC_ARC = YES;
				CLANG_WARN_BLOCK_CAPTURE_AUTORELEASING = YES;
				CLANG_WARN_BOOL_CONVERSION = YES;
				CLANG_WARN_COMMA = YES;
				CLANG_WARN_CONSTANT_CONVERSION = YES;
				CLANG_WARN_DIRECT_OBJC_ISA_USAGE = YES_ERROR;
				CLANG_WARN_DOCUMENTATION_COMMENTS = YES;
				CLANG_WARN_EMPTY_BODY = YES;
				CLANG_WARN_ENUM_CONVERSION = YES;
				CLANG_WARN_INFINITE_RECURSION = YES;
				CLANG_WARN_INT_CONVERSION = YES;
				CLANG_WARN_NON_LITERAL_NULL_CONVERSION = YES;
				CLANG_WARN_OBJC_LITERAL_CONVERSION = YES;
				CLANG_WARN_OBJC_ROOT_CLASS = YES_ERROR;
				CLANG_WARN_RANGE_LOOP_ANALYSIS = YES;
				CLANG_WARN_STRICT_PROTOTYPES = YES;
				CLANG_WARN_SUSPICIOUS_MOVE = YES;
				CLANG_WARN_UNREACHABLE_CODE = YES;
				CLANG_WARN__DUPLICATE_METHOD_MATCH = YES;
				"CODE_SIGN_IDENTITY[sdk=iphoneos*]" = "iPhone Developer";
				COPY_PHASE_STRIP = NO;
				DEBUG_INFORMATION_FORMAT = "dwarf-with-dsym";
				ENABLE_NS_ASSERTIONS = NO;
				ENABLE_STRICT_OBJC_MSGSEND = YES;
				GCC_C_LANGUAGE_STANDARD = gnu99;
				GCC_NO_COMMON_BLOCKS = YES;
				GCC_WARN_64_TO_32_BIT_CONVERSION = YES;
				GCC_WARN_ABOUT_RETURN_TYPE = YES_ERROR;
				GCC_WARN_UNDECLARED_SELECTOR = YES;
				GCC_WARN_UNINITIALIZED_AUTOS = YES_AGGRESSIVE;
				GCC_WARN_UNUSED_FUNCTION = YES;
				GCC_WARN_UNUSED_VARIABLE = YES;
				IPHONEOS_DEPLOYMENT_TARGET = 10.0;
				MTL_ENABLE_DEBUG_INFO = NO;
				SDKROOT = iphoneos;
				SWIFT_OPTIMIZATION_LEVEL = "-Owholemodule";
				VALIDATE_PRODUCT = YES;
			};
			name = Release;
		};
		AEA4990A1D15848400E746AB /* Debug */ = {
			isa = XCBuildConfiguration;
			baseConfigurationReference = A2594EC75EF06EB2C0583BCC /* Pods-SaveTheDot.debug.xcconfig */;
			buildSettings = {
				ASSETCATALOG_COMPILER_APPICON_NAME = AppIcon;
				CLANG_ENABLE_MODULES = YES;
				CODE_SIGN_ENTITLEMENTS = SaveTheDot/SaveTheDot.entitlements;
				"CODE_SIGN_IDENTITY[sdk=iphoneos*]" = "iPhone Developer";
				CODE_SIGN_STYLE = Manual;
				DEVELOPMENT_TEAM = GNW2K9LSCG;
				INFOPLIST_FILE = SaveTheDot/Info.plist;
				LD_RUNPATH_SEARCH_PATHS = "$(inherited) @executable_path/Frameworks";
				PRODUCT_BUNDLE_IDENTIFIER = www.jon.com.SaveTheEarth;
				PRODUCT_NAME = "$(TARGET_NAME)";
				PROVISIONING_PROFILE = "e9576510-9826-4b9b-bd15-8eba12da5efe";
				PROVISIONING_PROFILE_SPECIFIER = 1111SaveTheEarthDeve;
				SWIFT_OBJC_BRIDGING_HEADER = "SaveTheDot/SaveTheDot-Bridging-Header.h";
				SWIFT_OPTIMIZATION_LEVEL = "-Onone";
				SWIFT_VERSION = 3.0;
			};
			name = Debug;
		};
		AEA4990B1D15848400E746AB /* Release */ = {
			isa = XCBuildConfiguration;
			baseConfigurationReference = 510BC25D1B489FDF21C179A1 /* Pods-SaveTheDot.release.xcconfig */;
			buildSettings = {
				ASSETCATALOG_COMPILER_APPICON_NAME = AppIcon;
				CLANG_ENABLE_MODULES = YES;
				CODE_SIGN_ENTITLEMENTS = SaveTheDot/SaveTheDot.entitlements;
				"CODE_SIGN_IDENTITY[sdk=iphoneos*]" = "iPhone Distribution";
				CODE_SIGN_STYLE = Manual;
				DEVELOPMENT_TEAM = GNW2K9LSCG;
				INFOPLIST_FILE = SaveTheDot/Info.plist;
				LD_RUNPATH_SEARCH_PATHS = "$(inherited) @executable_path/Frameworks";
				PRODUCT_BUNDLE_IDENTIFIER = www.jon.com.SaveTheEarth;
				PRODUCT_NAME = "$(TARGET_NAME)";
				PROVISIONING_PROFILE = "71823bee-9b74-4351-b9d1-9586899adaaa";
				PROVISIONING_PROFILE_SPECIFIER = 1111SaveTheEarthDist;
				SWIFT_OBJC_BRIDGING_HEADER = "SaveTheDot/SaveTheDot-Bridging-Header.h";
				SWIFT_VERSION = 3.0;
			};
			name = Release;
		};
/* End XCBuildConfiguration section */

/* Begin XCConfigurationList section */
		AEA498F21D15848400E746AB /* Build configuration list for PBXProject "SaveTheDot" */ = {
			isa = XCConfigurationList;
			buildConfigurations = (
				AEA499071D15848400E746AB /* Debug */,
				AEA499081D15848400E746AB /* Release */,
			);
			defaultConfigurationIsVisible = 0;
			defaultConfigurationName = Release;
		};
		AEA499091D15848400E746AB /* Build configuration list for PBXNativeTarget "SaveTheDot" */ = {
			isa = XCConfigurationList;
			buildConfigurations = (
				AEA4990A1D15848400E746AB /* Debug */,
				AEA4990B1D15848400E746AB /* Release */,
			);
			defaultConfigurationIsVisible = 0;
			defaultConfigurationName = Release;
		};
/* End XCConfigurationList section */
	};
	rootObject = AEA498EF1D15848400E746AB /* Project object */;
}
